
Microsoft Visual Studio Solution File, Format Version 12.00
# Visual Studio Version 17
VisualStudioVersion = 17.14.36414.22 d17.14
MinimumVisualStudioVersion = 10.0.40219.1
Project("{FAE04EC0-301F-11D3-BF4B-00C04F79EFBC}") = "StudentScoresApp", "StudentScoresApp\StudentScoresApp.csproj", "{B58561AE-D873-4946-88F7-11CEF19B7EE6}"
EndProject
Global
	GlobalSection(SolutionConfigurationPlatforms) = preSolution
		Debug|Any CPU = Debug|Any CPU
		Release|Any CPU = Release|Any CPU
	EndGlobalSection
	GlobalSection(ProjectConfigurationPlatforms) = postSolution
		{B58561AE-D873-4946-88F7-11CEF19B7EE6}.Debug|Any CPU.ActiveCfg = Debug|Any CPU
		{B58561AE-D873-4946-88F7-11CEF19B7EE6}.Debug|Any CPU.Build.0 = Debug|Any CPU
		{B58561AE-D873-4946-88F7-11CEF19B7EE6}.Release|Any CPU.ActiveCfg = Release|Any CPU
		{B58561AE-D873-4946-88F7-11CEF19B7EE6}.Release|Any CPU.Build.0 = Release|Any CPU
	EndGlobalSection
	GlobalSection(SolutionProperties) = preSolution
		HideSolutionNode = FALSE
	EndGlobalSection
	GlobalSection(ExtensibilityGlobals) = postSolution
		SolutionGuid = {03703DD5-2CE9-482C-B88D-934D6E81A5B3}
	EndGlobalSection
EndGlobal
