
Microsoft Visual Studio Solution File, Format Version 12.00
# Visual Studio Version 17
VisualStudioVersion = 17.14.36414.22
MinimumVisualStudioVersion = 10.0.40219.1
Project("{FAE04EC0-301F-11D3-BF4B-00C04F79EFBC}") = "WinFormsApp1", "WinFormsApp1\WinFormsApp1.csproj", "{F76F1AC8-755E-4399-8091-215A3CBEE73B}"
EndProject
Global
	GlobalSection(SolutionConfigurationPlatforms) = preSolution
		Debug|Any CPU = Debug|Any CPU
		Release|Any CPU = Release|Any CPU
	EndGlobalSection
	GlobalSection(ProjectConfigurationPlatforms) = postSolution
		{F76F1AC8-755E-4399-8091-215A3CBEE73B}.Debug|Any CPU.ActiveCfg = Debug|Any CPU
		{F76F1AC8-755E-4399-8091-215A3CBEE73B}.Debug|Any CPU.Build.0 = Debug|Any CPU
		{F76F1AC8-755E-4399-8091-215A3CBEE73B}.Release|Any CPU.ActiveCfg = Release|Any CPU
		{F76F1AC8-755E-4399-8091-215A3CBEE73B}.Release|Any CPU.Build.0 = Release|Any CPU
	EndGlobalSection
	GlobalSection(SolutionProperties) = preSolution
		HideSolutionNode = FALSE
	EndGlobalSection
	GlobalSection(ExtensibilityGlobals) = postSolution
		SolutionGuid = {53558302-DBED-43F1-B40A-4F40757D3F1B}
	EndGlobalSection
EndGlobal
